
Microsoft Visual Studio Solution File, Format Version 12.00
# Visual Studio Version 17
VisualStudioVersion = 17.10.35027.167
MinimumVisualStudioVersion = 10.0.40219.1
Project("{FAE04EC0-301F-11D3-BF4B-00C04F79EFBC}") = "App.Web", "App.Web\App.Web.csproj", "{8B93F42B-D2A4-45C1-8211-55CDE7B835D6}"
EndProject
Global
	GlobalSection(SolutionConfigurationPlatforms) = preSolution
		Debug|Any CPU = Debug|Any CPU
		Release|Any CPU = Release|Any CPU
	EndGlobalSection
	GlobalSection(ProjectConfigurationPlatforms) = postSolution
		{8B93F42B-D2A4-45C1-8211-55CDE7B835D6}.Debug|Any CPU.ActiveCfg = Debug|Any CPU
		{8B93F42B-D2A4-45C1-8211-55CDE7B835D6}.Debug|Any CPU.Build.0 = Debug|Any CPU
		{8B93F42B-D2A4-45C1-8211-55CDE7B835D6}.Release|Any CPU.ActiveCfg = Release|Any CPU
		{8B93F42B-D2A4-45C1-8211-55CDE7B835D6}.Release|Any CPU.Build.0 = Release|Any CPU
	EndGlobalSection
	GlobalSection(SolutionProperties) = preSolution
		HideSolutionNode = FALSE
	EndGlobalSection
	GlobalSection(ExtensibilityGlobals) = postSolution
		SolutionGuid = {F45B06B6-3D73-400E-8FB1-6DFABFA4A062}
	EndGlobalSection
EndGlobal
